// !$*UTF8*$!
{
	archiveVersion = 1;
	classes = {
	};
	objectVersion = 56;
	objects = {

/* Begin PBXBuildFile section */
		5C95AA182C1D90CC0024CB94 /* EmployeeResponseModel.swift in Sources */ = {isa = PBXBuildFile; fileRef = 5C95AA172C1D90CC0024CB94 /* EmployeeResponseModel.swift */; };
		5C95AA1B2C1D91830024CB94 /* FetchEmployeeUsecase.swift in Sources */ = {isa = PBXBuildFile; fileRef = 5C95AA1A2C1D91830024CB94 /* FetchEmployeeUsecase.swift */; };
		5C95AA1F2C1DA3420024CB94 /* Colors.xcassets in Resources */ = {isa = PBXBuildFile; fileRef = 5C95AA1E2C1DA3420024CB94 /* Colors.xcassets */; };
		5C95AA212C1DA75B0024CB94 /* Font.swift in Sources */ = {isa = PBXBuildFile; fileRef = 5C95AA202C1DA75B0024CB94 /* Font.swift */; };
		5C95AA242C1E6D0F0024CB94 /* EmployeeGroupDto.swift in Sources */ = {isa = PBXBuildFile; fileRef = 5C95AA232C1E6D0F0024CB94 /* EmployeeGroupDto.swift */; };
		5C95AA2A2C1E78F90024CB94 /* CGFloat+Spacing.swift in Sources */ = {isa = PBXBuildFile; fileRef = 5C95AA292C1E78F90024CB94 /* CGFloat+Spacing.swift */; };
		5C95AA2C2C1E7B300024CB94 /* View+ListRowStyle.swift in Sources */ = {isa = PBXBuildFile; fileRef = 5C95AA2B2C1E7B300024CB94 /* View+ListRowStyle.swift */; };
		5C95AA2E2C1E7C570024CB94 /* View+Extensions.swift in Sources */ = {isa = PBXBuildFile; fileRef = 5C95AA2D2C1E7C570024CB94 /* View+Extensions.swift */; };
		5C95AA302C1E7D4D0024CB94 /* Text+AppFont.swift in Sources */ = {isa = PBXBuildFile; fileRef = 5C95AA2F2C1E7D4D0024CB94 /* Text+AppFont.swift */; };
		5C95AA332C1E86770024CB94 /* EmployeeDetailView.swift in Sources */ = {isa = PBXBuildFile; fileRef = 5C95AA322C1E86770024CB94 /* EmployeeDetailView.swift */; };
		5C95AA352C1E90D40024CB94 /* ObservableObject+Binding.swift in Sources */ = {isa = PBXBuildFile; fileRef = 5C95AA342C1E90D40024CB94 /* ObservableObject+Binding.swift */; };
		5C95AA382C1E9AE10024CB94 /* WrappingHStack.swift in Sources */ = {isa = PBXBuildFile; fileRef = 5C95AA372C1E9AE10024CB94 /* WrappingHStack.swift */; };
		5C95AA3B2C1E9EE50024CB94 /* PublicSans-Regular.ttf in Resources */ = {isa = PBXBuildFile; fileRef = 5C95AA3A2C1E9EE50024CB94 /* PublicSans-Regular.ttf */; };
		5C95AA3D2C1E9EF30024CB94 /* PublicSans-Medium.ttf in Resources */ = {isa = PBXBuildFile; fileRef = 5C95AA3C2C1E9EF30024CB94 /* PublicSans-Medium.ttf */; };
		5C9F77B02C1AE276003EE765 /* EmployeesApp.swift in Sources */ = {isa = PBXBuildFile; fileRef = 5C9F77AF2C1AE276003EE765 /* EmployeesApp.swift */; };
		5C9F77B22C1AE276003EE765 /* MainView.swift in Sources */ = {isa = PBXBuildFile; fileRef = 5C9F77B12C1AE276003EE765 /* MainView.swift */; };
		5C9F77B42C1AE277003EE765 /* Images.xcassets in Resources */ = {isa = PBXBuildFile; fileRef = 5C9F77B32C1AE277003EE765 /* Images.xcassets */; };
		5C9F77B72C1AE277003EE765 /* Preview Assets.xcassets in Resources */ = {isa = PBXBuildFile; fileRef = 5C9F77B62C1AE277003EE765 /* Preview Assets.xcassets */; };
		5C9F77C02C1AE3CA003EE765 /* MainViewModel.swift in Sources */ = {isa = PBXBuildFile; fileRef = 5C9F77BF2C1AE3CA003EE765 /* MainViewModel.swift */; };
		5C9F77C32C1AE40C003EE765 /* MainCoordinator.swift in Sources */ = {isa = PBXBuildFile; fileRef = 5C9F77C22C1AE40C003EE765 /* MainCoordinator.swift */; };
		5C9F77C52C1AE41B003EE765 /* MainCoordinatorView.swift in Sources */ = {isa = PBXBuildFile; fileRef = 5C9F77C42C1AE41B003EE765 /* MainCoordinatorView.swift */; };
		5C9F77C82C1AE520003EE765 /* Coordinator.swift in Sources */ = {isa = PBXBuildFile; fileRef = 5C9F77C72C1AE520003EE765 /* Coordinator.swift */; };
		5C9F77CA2C1AE539003EE765 /* ViewModel.swift in Sources */ = {isa = PBXBuildFile; fileRef = 5C9F77C92C1AE539003EE765 /* ViewModel.swift */; };
		5C9F77CE2C1AF0AB003EE765 /* MainViewState.swift in Sources */ = {isa = PBXBuildFile; fileRef = 5C9F77CD2C1AF0AB003EE765 /* MainViewState.swift */; };
		5C9F77D42C1B1DE4003EE765 /* Endpoint.swift in Sources */ = {isa = PBXBuildFile; fileRef = 5C9F77D32C1B1DE4003EE765 /* Endpoint.swift */; };
		5C9F77D62C1B1E61003EE765 /* Endpoint+API.swift in Sources */ = {isa = PBXBuildFile; fileRef = 5C9F77D52C1B1E61003EE765 /* Endpoint+API.swift */; };
		5C9F77D92C1B1F45003EE765 /* NetworkService.swift in Sources */ = {isa = PBXBuildFile; fileRef = 5C9F77D82C1B1F45003EE765 /* NetworkService.swift */; };
		5C9F77DD2C1B24B7003EE765 /* EmployeeModel.swift in Sources */ = {isa = PBXBuildFile; fileRef = 5C9F77DC2C1B24B7003EE765 /* EmployeeModel.swift */; };
/* End PBXBuildFile section */

/* Begin PBXFileReference section */
		5C95AA172C1D90CC0024CB94 /* EmployeeResponseModel.swift */ = {isa = PBXFileReference; lastKnownFileType = sourcecode.swift; path = EmployeeResponseModel.swift; sourceTree = "<group>"; };
		5C95AA1A2C1D91830024CB94 /* FetchEmployeeUsecase.swift */ = {isa = PBXFileReference; lastKnownFileType = sourcecode.swift; path = FetchEmployeeUsecase.swift; sourceTree = "<group>"; };
		5C95AA1E2C1DA3420024CB94 /* Colors.xcassets */ = {isa = PBXFileReference; lastKnownFileType = folder.assetcatalog; path = Colors.xcassets; sourceTree = "<group>"; };
		5C95AA202C1DA75B0024CB94 /* Font.swift */ = {isa = PBXFileReference; lastKnownFileType = sourcecode.swift; path = Font.swift; sourceTree = "<group>"; };
		5C95AA232C1E6D0F0024CB94 /* EmployeeGroupDto.swift */ = {isa = PBXFileReference; lastKnownFileType = sourcecode.swift; path = EmployeeGroupDto.swift; sourceTree = "<group>"; };
		5C95AA292C1E78F90024CB94 /* CGFloat+Spacing.swift */ = {isa = PBXFileReference; lastKnownFileType = sourcecode.swift; path = "CGFloat+Spacing.swift"; sourceTree = "<group>"; };
		5C95AA2B2C1E7B300024CB94 /* View+ListRowStyle.swift */ = {isa = PBXFileReference; lastKnownFileType = sourcecode.swift; path = "View+ListRowStyle.swift"; sourceTree = "<group>"; };
		5C95AA2D2C1E7C570024CB94 /* View+Extensions.swift */ = {isa = PBXFileReference; lastKnownFileType = sourcecode.swift; path = "View+Extensions.swift"; sourceTree = "<group>"; };
		5C95AA2F2C1E7D4D0024CB94 /* Text+AppFont.swift */ = {isa = PBXFileReference; lastKnownFileType = sourcecode.swift; path = "Text+AppFont.swift"; sourceTree = "<group>"; };
		5C95AA322C1E86770024CB94 /* EmployeeDetailView.swift */ = {isa = PBXFileReference; lastKnownFileType = sourcecode.swift; path = EmployeeDetailView.swift; sourceTree = "<group>"; };
		5C95AA342C1E90D40024CB94 /* ObservableObject+Binding.swift */ = {isa = PBXFileReference; lastKnownFileType = sourcecode.swift; path = "ObservableObject+Binding.swift"; sourceTree = "<group>"; };
		5C95AA372C1E9AE10024CB94 /* WrappingHStack.swift */ = {isa = PBXFileReference; lastKnownFileType = sourcecode.swift; path = WrappingHStack.swift; sourceTree = "<group>"; };
		5C95AA3A2C1E9EE50024CB94 /* PublicSans-Regular.ttf */ = {isa = PBXFileReference; lastKnownFileType = file; path = "PublicSans-Regular.ttf"; sourceTree = "<group>"; };
		5C95AA3C2C1E9EF30024CB94 /* PublicSans-Medium.ttf */ = {isa = PBXFileReference; lastKnownFileType = file; path = "PublicSans-Medium.ttf"; sourceTree = "<group>"; };
		5C95AA3E2C1E9F230024CB94 /* Info.plist */ = {isa = PBXFileReference; lastKnownFileType = text.plist; path = Info.plist; sourceTree = "<group>"; };
		5C9F77AC2C1AE276003EE765 /* employees-moon.app */ = {isa = PBXFileReference; explicitFileType = wrapper.application; includeInIndex = 0; path = "employees-moon.app"; sourceTree = BUILT_PRODUCTS_DIR; };
		5C9F77AF2C1AE276003EE765 /* EmployeesApp.swift */ = {isa = PBXFileReference; lastKnownFileType = sourcecode.swift; path = EmployeesApp.swift; sourceTree = "<group>"; };
		5C9F77B12C1AE276003EE765 /* MainView.swift */ = {isa = PBXFileReference; lastKnownFileType = sourcecode.swift; path = MainView.swift; sourceTree = "<group>"; };
		5C9F77B32C1AE277003EE765 /* Images.xcassets */ = {isa = PBXFileReference; lastKnownFileType = folder.assetcatalog; path = Images.xcassets; sourceTree = "<group>"; };
		5C9F77B62C1AE277003EE765 /* Preview Assets.xcassets */ = {isa = PBXFileReference; lastKnownFileType = folder.assetcatalog; path = "Preview Assets.xcassets"; sourceTree = "<group>"; };
		5C9F77BF2C1AE3CA003EE765 /* MainViewModel.swift */ = {isa = PBXFileReference; lastKnownFileType = sourcecode.swift; path = MainViewModel.swift; sourceTree = "<group>"; };
		5C9F77C22C1AE40C003EE765 /* MainCoordinator.swift */ = {isa = PBXFileReference; lastKnownFileType = sourcecode.swift; path = MainCoordinator.swift; sourceTree = "<group>"; };
		5C9F77C42C1AE41B003EE765 /* MainCoordinatorView.swift */ = {isa = PBXFileReference; lastKnownFileType = sourcecode.swift; path = MainCoordinatorView.swift; sourceTree = "<group>"; };
		5C9F77C72C1AE520003EE765 /* Coordinator.swift */ = {isa = PBXFileReference; lastKnownFileType = sourcecode.swift; path = Coordinator.swift; sourceTree = "<group>"; };
		5C9F77C92C1AE539003EE765 /* ViewModel.swift */ = {isa = PBXFileReference; lastKnownFileType = sourcecode.swift; path = ViewModel.swift; sourceTree = "<group>"; };
		5C9F77CD2C1AF0AB003EE765 /* MainViewState.swift */ = {isa = PBXFileReference; lastKnownFileType = sourcecode.swift; path = MainViewState.swift; sourceTree = "<group>"; };
		5C9F77D32C1B1DE4003EE765 /* Endpoint.swift */ = {isa = PBXFileReference; lastKnownFileType = sourcecode.swift; path = Endpoint.swift; sourceTree = "<group>"; };
		5C9F77D52C1B1E61003EE765 /* Endpoint+API.swift */ = {isa = PBXFileReference; lastKnownFileType = sourcecode.swift; path = "Endpoint+API.swift"; sourceTree = "<group>"; };
		5C9F77D82C1B1F45003EE765 /* NetworkService.swift */ = {isa = PBXFileReference; lastKnownFileType = sourcecode.swift; path = NetworkService.swift; sourceTree = "<group>"; };
		5C9F77DC2C1B24B7003EE765 /* EmployeeModel.swift */ = {isa = PBXFileReference; lastKnownFileType = sourcecode.swift; path = EmployeeModel.swift; sourceTree = "<group>"; };
/* End PBXFileReference section */

/* Begin PBXFrameworksBuildPhase section */
		5C9F77A92C1AE276003EE765 /* Frameworks */ = {
			isa = PBXFrameworksBuildPhase;
			buildActionMask = 2147483647;
			files = (
			);
			runOnlyForDeploymentPostprocessing = 0;
		};
/* End PBXFrameworksBuildPhase section */

/* Begin PBXGroup section */
		5C95AA192C1D916C0024CB94 /* Usecases */ = {
			isa = PBXGroup;
			children = (
				5C95AA1A2C1D91830024CB94 /* FetchEmployeeUsecase.swift */,
			);
			path = Usecases;
			sourceTree = "<group>";
		};
		5C95AA1C2C1DA1E60024CB94 /* Resources */ = {
			isa = PBXGroup;
			children = (
				5C95AA392C1E9ED90024CB94 /* Fonts */,
				5C95AA1D2C1DA1F70024CB94 /* Assets */,
				5C95AA202C1DA75B0024CB94 /* Font.swift */,
			);
			path = Resources;
			sourceTree = "<group>";
		};
		5C95AA1D2C1DA1F70024CB94 /* Assets */ = {
			isa = PBXGroup;
			children = (
				5C9F77B32C1AE277003EE765 /* Images.xcassets */,
				5C95AA1E2C1DA3420024CB94 /* Colors.xcassets */,
			);
			path = Assets;
			sourceTree = "<group>";
		};
		5C95AA222C1E6CFF0024CB94 /* Dtos */ = {
			isa = PBXGroup;
			children = (
				5C95AA232C1E6D0F0024CB94 /* EmployeeGroupDto.swift */,
			);
			path = Dtos;
			sourceTree = "<group>";
		};
		5C95AA252C1E6EFE0024CB94 /* Main */ = {
			isa = PBXGroup;
			children = (
				5C9F77B12C1AE276003EE765 /* MainView.swift */,
				5C9F77CD2C1AF0AB003EE765 /* MainViewState.swift */,
			);
			path = Main;
			sourceTree = "<group>";
		};
		5C95AA282C1E78EC0024CB94 /* Extensions */ = {
			isa = PBXGroup;
			children = (
				5C95AA292C1E78F90024CB94 /* CGFloat+Spacing.swift */,
				5C95AA2B2C1E7B300024CB94 /* View+ListRowStyle.swift */,
				5C95AA2D2C1E7C570024CB94 /* View+Extensions.swift */,
				5C95AA2F2C1E7D4D0024CB94 /* Text+AppFont.swift */,
				5C95AA342C1E90D40024CB94 /* ObservableObject+Binding.swift */,
			);
			path = Extensions;
			sourceTree = "<group>";
		};
		5C95AA312C1E86650024CB94 /* Detail */ = {
			isa = PBXGroup;
			children = (
				5C95AA322C1E86770024CB94 /* EmployeeDetailView.swift */,
			);
			path = Detail;
			sourceTree = "<group>";
		};
		5C95AA362C1E9ACE0024CB94 /* Common */ = {
			isa = PBXGroup;
			children = (
				5C95AA372C1E9AE10024CB94 /* WrappingHStack.swift */,
			);
			path = Common;
			sourceTree = "<group>";
		};
		5C95AA392C1E9ED90024CB94 /* Fonts */ = {
			isa = PBXGroup;
			children = (
				5C95AA3A2C1E9EE50024CB94 /* PublicSans-Regular.ttf */,
				5C95AA3C2C1E9EF30024CB94 /* PublicSans-Medium.ttf */,
			);
			path = Fonts;
			sourceTree = "<group>";
		};
		5C9F77A32C1AE276003EE765 = {
			isa = PBXGroup;
			children = (
				5C9F77AE2C1AE276003EE765 /* employees-moon */,
				5C9F77AD2C1AE276003EE765 /* Products */,
			);
			sourceTree = "<group>";
		};
		5C9F77AD2C1AE276003EE765 /* Products */ = {
			isa = PBXGroup;
			children = (
				5C9F77AC2C1AE276003EE765 /* employees-moon.app */,
			);
			name = Products;
			sourceTree = "<group>";
		};
		5C9F77AE2C1AE276003EE765 /* employees-moon */ = {
			isa = PBXGroup;
			children = (
				5C95AA3E2C1E9F230024CB94 /* Info.plist */,
				5C95AA282C1E78EC0024CB94 /* Extensions */,
				5C95AA1C2C1DA1E60024CB94 /* Resources */,
				5C9F77C62C1AE510003EE765 /* Core */,
				5C9F77D12C1B1B40003EE765 /* Data */,
				5C9F77C12C1AE3DB003EE765 /* Coordinators */,
				5C9F77BE2C1AE35C003EE765 /* Views */,
				5C9F77BD2C1AE350003EE765 /* ViewModels */,
				5C9F77CF2C1B0A97003EE765 /* Services */,
				5C95AA192C1D916C0024CB94 /* Usecases */,
				5C9F77AF2C1AE276003EE765 /* EmployeesApp.swift */,
				5C9F77B52C1AE277003EE765 /* Preview Content */,
			);
			path = "employees-moon";
			sourceTree = "<group>";
		};
		5C9F77B52C1AE277003EE765 /* Preview Content */ = {
			isa = PBXGroup;
			children = (
				5C9F77B62C1AE277003EE765 /* Preview Assets.xcassets */,
			);
			path = "Preview Content";
			sourceTree = "<group>";
		};
		5C9F77BD2C1AE350003EE765 /* ViewModels */ = {
			isa = PBXGroup;
			children = (
				5C9F77BF2C1AE3CA003EE765 /* MainViewModel.swift */,
			);
			path = ViewModels;
			sourceTree = "<group>";
		};
		5C9F77BE2C1AE35C003EE765 /* Views */ = {
			isa = PBXGroup;
			children = (
				5C95AA362C1E9ACE0024CB94 /* Common */,
				5C95AA252C1E6EFE0024CB94 /* Main */,
				5C95AA312C1E86650024CB94 /* Detail */,
			);
			path = Views;
			sourceTree = "<group>";
		};
		5C9F77C12C1AE3DB003EE765 /* Coordinators */ = {
			isa = PBXGroup;
			children = (
				5C9F77C22C1AE40C003EE765 /* MainCoordinator.swift */,
				5C9F77C42C1AE41B003EE765 /* MainCoordinatorView.swift */,
			);
			path = Coordinators;
			sourceTree = "<group>";
		};
		5C9F77C62C1AE510003EE765 /* Core */ = {
			isa = PBXGroup;
			children = (
				5C9F77C72C1AE520003EE765 /* Coordinator.swift */,
				5C9F77C92C1AE539003EE765 /* ViewModel.swift */,
			);
			path = Core;
			sourceTree = "<group>";
		};
		5C9F77CF2C1B0A97003EE765 /* Services */ = {
			isa = PBXGroup;
			children = (
				5C9F77D02C1B0AB6003EE765 /* Network */,
			);
			path = Services;
			sourceTree = "<group>";
		};
		5C9F77D02C1B0AB6003EE765 /* Network */ = {
			isa = PBXGroup;
			children = (
				5C9F77D32C1B1DE4003EE765 /* Endpoint.swift */,
				5C9F77D52C1B1E61003EE765 /* Endpoint+API.swift */,
				5C9F77D82C1B1F45003EE765 /* NetworkService.swift */,
			);
			name = Network;
			path = Network/Network;
			sourceTree = "<group>";
		};
		5C9F77D12C1B1B40003EE765 /* Data */ = {
			isa = PBXGroup;
			children = (
				5C95AA222C1E6CFF0024CB94 /* Dtos */,
				5C9F77D22C1B1B47003EE765 /* Models */,
			);
			path = Data;
			sourceTree = "<group>";
		};
		5C9F77D22C1B1B47003EE765 /* Models */ = {
			isa = PBXGroup;
			children = (
				5C9F77DC2C1B24B7003EE765 /* EmployeeModel.swift */,
				5C95AA172C1D90CC0024CB94 /* EmployeeResponseModel.swift */,
			);
			path = Models;
			sourceTree = "<group>";
		};
/* End PBXGroup section */

/* Begin PBXNativeTarget section */
		5C9F77AB2C1AE276003EE765 /* employees-moon */ = {
			isa = PBXNativeTarget;
			buildConfigurationList = 5C9F77BA2C1AE277003EE765 /* Build configuration list for PBXNativeTarget "employees-moon" */;
			buildPhases = (
				5C9F77A82C1AE276003EE765 /* Sources */,
				5C9F77A92C1AE276003EE765 /* Frameworks */,
				5C9F77AA2C1AE276003EE765 /* Resources */,
			);
			buildRules = (
			);
			dependencies = (
			);
			name = "employees-moon";
			productName = "employees-moon";
			productReference = 5C9F77AC2C1AE276003EE765 /* employees-moon.app */;
			productType = "com.apple.product-type.application";
		};
/* End PBXNativeTarget section */

/* Begin PBXProject section */
		5C9F77A42C1AE276003EE765 /* Project object */ = {
			isa = PBXProject;
			attributes = {
				BuildIndependentTargetsInParallel = 1;
				LastSwiftUpdateCheck = 1530;
				LastUpgradeCheck = 1530;
				TargetAttributes = {
					5C9F77AB2C1AE276003EE765 = {
						CreatedOnToolsVersion = 15.3;
					};
				};
			};
			buildConfigurationList = 5C9F77A72C1AE276003EE765 /* Build configuration list for PBXProject "employees-moon" */;
			compatibilityVersion = "Xcode 14.0";
			developmentRegion = en;
			hasScannedForEncodings = 0;
			knownRegions = (
				en,
				Base,
			);
			mainGroup = 5C9F77A32C1AE276003EE765;
			productRefGroup = 5C9F77AD2C1AE276003EE765 /* Products */;
			projectDirPath = "";
			projectRoot = "";
			targets = (
				5C9F77AB2C1AE276003EE765 /* employees-moon */,
			);
		};
/* End PBXProject section */

/* Begin PBXResourcesBuildPhase section */
		5C9F77AA2C1AE276003EE765 /* Resources */ = {
			isa = PBXResourcesBuildPhase;
			buildActionMask = 2147483647;
			files = (
				5C95AA1F2C1DA3420024CB94 /* Colors.xcassets in Resources */,
				5C95AA3B2C1E9EE50024CB94 /* PublicSans-Regular.ttf in Resources */,
				5C95AA3D2C1E9EF30024CB94 /* PublicSans-Medium.ttf in Resources */,
				5C9F77B72C1AE277003EE765 /* Preview Assets.xcassets in Resources */,
				5C9F77B42C1AE277003EE765 /* Images.xcassets in Resources */,
			);
			runOnlyForDeploymentPostprocessing = 0;
		};
/* End PBXResourcesBuildPhase section */

/* Begin PBXSourcesBuildPhase section */
		5C9F77A82C1AE276003EE765 /* Sources */ = {
			isa = PBXSourcesBuildPhase;
			buildActionMask = 2147483647;
			files = (
				5C9F77D92C1B1F45003EE765 /* NetworkService.swift in Sources */,
				5C9F77DD2C1B24B7003EE765 /* EmployeeModel.swift in Sources */,
				5C95AA212C1DA75B0024CB94 /* Font.swift in Sources */,
				5C95AA332C1E86770024CB94 /* EmployeeDetailView.swift in Sources */,
				5C9F77B22C1AE276003EE765 /* MainView.swift in Sources */,
				5C9F77D42C1B1DE4003EE765 /* Endpoint.swift in Sources */,
				5C95AA382C1E9AE10024CB94 /* WrappingHStack.swift in Sources */,
				5C95AA242C1E6D0F0024CB94 /* EmployeeGroupDto.swift in Sources */,
				5C95AA2A2C1E78F90024CB94 /* CGFloat+Spacing.swift in Sources */,
				5C95AA2C2C1E7B300024CB94 /* View+ListRowStyle.swift in Sources */,
				5C95AA1B2C1D91830024CB94 /* FetchEmployeeUsecase.swift in Sources */,
				5C9F77C52C1AE41B003EE765 /* MainCoordinatorView.swift in Sources */,
				5C9F77C82C1AE520003EE765 /* Coordinator.swift in Sources */,
				5C95AA2E2C1E7C570024CB94 /* View+Extensions.swift in Sources */,
				5C9F77C32C1AE40C003EE765 /* MainCoordinator.swift in Sources */,
				5C9F77D62C1B1E61003EE765 /* Endpoint+API.swift in Sources */,
				5C9F77B02C1AE276003EE765 /* EmployeesApp.swift in Sources */,
				5C9F77C02C1AE3CA003EE765 /* MainViewModel.swift in Sources */,
				5C95AA352C1E90D40024CB94 /* ObservableObject+Binding.swift in Sources */,
				5C9F77CA2C1AE539003EE765 /* ViewModel.swift in Sources */,
				5C95AA302C1E7D4D0024CB94 /* Text+AppFont.swift in Sources */,
				5C95AA182C1D90CC0024CB94 /* EmployeeResponseModel.swift in Sources */,
				5C9F77CE2C1AF0AB003EE765 /* MainViewState.swift in Sources */,
			);
			runOnlyForDeploymentPostprocessing = 0;
		};
/* End PBXSourcesBuildPhase section */

/* Begin XCBuildConfiguration section */
		5C9F77B82C1AE277003EE765 /* Debug */ = {
			isa = XCBuildConfiguration;
			buildSettings = {
				ALWAYS_SEARCH_USER_PATHS = NO;
				ASSETCATALOG_COMPILER_GENERATE_SWIFT_ASSET_SYMBOL_EXTENSIONS = YES;
				CLANG_ANALYZER_NONNULL = YES;
				CLANG_ANALYZER_NUMBER_OBJECT_CONVERSION = YES_AGGRESSIVE;
				CLANG_CXX_LANGUAGE_STANDARD = "gnu++20";
				CLANG_ENABLE_MODULES = YES;
				CLANG_ENABLE_OBJC_ARC = YES;
				CLANG_ENABLE_OBJC_WEAK = YES;
				CLANG_WARN_BLOCK_CAPTURE_AUTORELEASING = YES;
				CLANG_WARN_BOOL_CONVERSION = YES;
				CLANG_WARN_COMMA = YES;
				CLANG_WARN_CONSTANT_CONVERSION = YES;
				CLANG_WARN_DEPRECATED_OBJC_IMPLEMENTATIONS = YES;
				CLANG_WARN_DIRECT_OBJC_ISA_USAGE = YES_ERROR;
				CLANG_WARN_DOCUMENTATION_COMMENTS = YES;
				CLANG_WARN_EMPTY_BODY = YES;
				CLANG_WARN_ENUM_CONVERSION = YES;
				CLANG_WARN_INFINITE_RECURSION = YES;
				CLANG_WARN_INT_CONVERSION = YES;
				CLANG_WARN_NON_LITERAL_NULL_CONVERSION = YES;
				CLANG_WARN_OBJC_IMPLICIT_RETAIN_SELF = YES;
				CLANG_WARN_OBJC_LITERAL_CONVERSION = YES;
				CLANG_WARN_OBJC_ROOT_CLASS = YES_ERROR;
				CLANG_WARN_QUOTED_INCLUDE_IN_FRAMEWORK_HEADER = YES;
				CLANG_WARN_RANGE_LOOP_ANALYSIS = YES;
				CLANG_WARN_STRICT_PROTOTYPES = YES;
				CLANG_WARN_SUSPICIOUS_MOVE = YES;
				CLANG_WARN_UNGUARDED_AVAILABILITY = YES_AGGRESSIVE;
				CLANG_WARN_UNREACHABLE_CODE = YES;
				CLANG_WARN__DUPLICATE_METHOD_MATCH = YES;
				COPY_PHASE_STRIP = NO;
				DEBUG_INFORMATION_FORMAT = dwarf;
				ENABLE_STRICT_OBJC_MSGSEND = YES;
				ENABLE_TESTABILITY = YES;
				ENABLE_USER_SCRIPT_SANDBOXING = YES;
				GCC_C_LANGUAGE_STANDARD = gnu17;
				GCC_DYNAMIC_NO_PIC = NO;
				GCC_NO_COMMON_BLOCKS = YES;
				GCC_OPTIMIZATION_LEVEL = 0;
				GCC_PREPROCESSOR_DEFINITIONS = (
					"DEBUG=1",
					"$(inherited)",
				);
				GCC_WARN_64_TO_32_BIT_CONVERSION = YES;
				GCC_WARN_ABOUT_RETURN_TYPE = YES_ERROR;
				GCC_WARN_UNDECLARED_SELECTOR = YES;
				GCC_WARN_UNINITIALIZED_AUTOS = YES_AGGRESSIVE;
				GCC_WARN_UNUSED_FUNCTION = YES;
				GCC_WARN_UNUSED_VARIABLE = YES;
				IPHONEOS_DEPLOYMENT_TARGET = 17.4;
				LOCALIZATION_PREFERS_STRING_CATALOGS = YES;
				MTL_ENABLE_DEBUG_INFO = INCLUDE_SOURCE;
				MTL_FAST_MATH = YES;
				ONLY_ACTIVE_ARCH = YES;
				SDKROOT = iphoneos;
				SWIFT_ACTIVE_COMPILATION_CONDITIONS = "DEBUG $(inherited)";
				SWIFT_OPTIMIZATION_LEVEL = "-Onone";
			};
			name = Debug;
		};
		5C9F77B92C1AE277003EE765 /* Release */ = {
			isa = XCBuildConfiguration;
			buildSettings = {
				ALWAYS_SEARCH_USER_PATHS = NO;
				ASSETCATALOG_COMPILER_GENERATE_SWIFT_ASSET_SYMBOL_EXTENSIONS = YES;
				CLANG_ANALYZER_NONNULL = YES;
				CLANG_ANALYZER_NUMBER_OBJECT_CONVERSION = YES_AGGRESSIVE;
				CLANG_CXX_LANGUAGE_STANDARD = "gnu++20";
				CLANG_ENABLE_MODULES = YES;
				CLANG_ENABLE_OBJC_ARC = YES;
				CLANG_ENABLE_OBJC_WEAK = YES;
				CLANG_WARN_BLOCK_CAPTURE_AUTORELEASING = YES;
				CLANG_WARN_BOOL_CONVERSION = YES;
				CLANG_WARN_COMMA = YES;
				CLANG_WARN_CONSTANT_CONVERSION = YES;
				CLANG_WARN_DEPRECATED_OBJC_IMPLEMENTATIONS = YES;
				CLANG_WARN_DIRECT_OBJC_ISA_USAGE = YES_ERROR;
				CLANG_WARN_DOCUMENTATION_COMMENTS = YES;
				CLANG_WARN_EMPTY_BODY = YES;
				CLANG_WARN_ENUM_CONVERSION = YES;
				CLANG_WARN_INFINITE_RECURSION = YES;
				CLANG_WARN_INT_CONVERSION = YES;
				CLANG_WARN_NON_LITERAL_NULL_CONVERSION = YES;
				CLANG_WARN_OBJC_IMPLICIT_RETAIN_SELF = YES;
				CLANG_WARN_OBJC_LITERAL_CONVERSION = YES;
				CLANG_WARN_OBJC_ROOT_CLASS = YES_ERROR;
				CLANG_WARN_QUOTED_INCLUDE_IN_FRAMEWORK_HEADER = YES;
				CLANG_WARN_RANGE_LOOP_ANALYSIS = YES;
				CLANG_WARN_STRICT_PROTOTYPES = YES;
				CLANG_WARN_SUSPICIOUS_MOVE = YES;
				CLANG_WARN_UNGUARDED_AVAILABILITY = YES_AGGRESSIVE;
				CLANG_WARN_UNREACHABLE_CODE = YES;
				CLANG_WARN__DUPLICATE_METHOD_MATCH = YES;
				COPY_PHASE_STRIP = NO;
				DEBUG_INFORMATION_FORMAT = "dwarf-with-dsym";
				ENABLE_NS_ASSERTIONS = NO;
				ENABLE_STRICT_OBJC_MSGSEND = YES;
				ENABLE_USER_SCRIPT_SANDBOXING = YES;
				GCC_C_LANGUAGE_STANDARD = gnu17;
				GCC_NO_COMMON_BLOCKS = YES;
				GCC_WARN_64_TO_32_BIT_CONVERSION = YES;
				GCC_WARN_ABOUT_RETURN_TYPE = YES_ERROR;
				GCC_WARN_UNDECLARED_SELECTOR = YES;
				GCC_WARN_UNINITIALIZED_AUTOS = YES_AGGRESSIVE;
				GCC_WARN_UNUSED_FUNCTION = YES;
				GCC_WARN_UNUSED_VARIABLE = YES;
				IPHONEOS_DEPLOYMENT_TARGET = 17.4;
				LOCALIZATION_PREFERS_STRING_CATALOGS = YES;
				MTL_ENABLE_DEBUG_INFO = NO;
				MTL_FAST_MATH = YES;
				SDKROOT = iphoneos;
				SWIFT_COMPILATION_MODE = wholemodule;
				VALIDATE_PRODUCT = YES;
			};
			name = Release;
		};
		5C9F77BB2C1AE277003EE765 /* Debug */ = {
			isa = XCBuildConfiguration;
			buildSettings = {
				ASSETCATALOG_COMPILER_APPICON_NAME = AppIcon;
				ASSETCATALOG_COMPILER_GLOBAL_ACCENT_COLOR_NAME = AccentColor;
				CODE_SIGN_STYLE = Automatic;
				CURRENT_PROJECT_VERSION = 1;
				DEVELOPMENT_ASSET_PATHS = "\"employees-moon/Preview Content\"";
				DEVELOPMENT_TEAM = UMKD57ZP7B;
				ENABLE_PREVIEWS = YES;
				GENERATE_INFOPLIST_FILE = YES;
				INFOPLIST_FILE = "employees-moon/Info.plist";
				INFOPLIST_KEY_UIApplicationSceneManifest_Generation = YES;
				INFOPLIST_KEY_UIApplicationSupportsIndirectInputEvents = YES;
				INFOPLIST_KEY_UILaunchScreen_Generation = YES;
				INFOPLIST_KEY_UISupportedInterfaceOrientations_iPad = "UIInterfaceOrientationPortrait UIInterfaceOrientationPortraitUpsideDown UIInterfaceOrientationLandscapeLeft UIInterfaceOrientationLandscapeRight";
				INFOPLIST_KEY_UISupportedInterfaceOrientations_iPhone = "UIInterfaceOrientationPortrait UIInterfaceOrientationLandscapeLeft UIInterfaceOrientationLandscapeRight";
				LD_RUNPATH_SEARCH_PATHS = (
					"$(inherited)",
					"@executable_path/Frameworks",
				);
				MARKETING_VERSION = 1.0;
				PRODUCT_BUNDLE_IDENTIFIER = "com.hq.employees-moon";
				PRODUCT_NAME = "$(TARGET_NAME)";
				SWIFT_EMIT_LOC_STRINGS = YES;
				SWIFT_VERSION = 5.0;
				TARGETED_DEVICE_FAMILY = "1,2";
			};
			name = Debug;
		};
		5C9F77BC2C1AE277003EE765 /* Release */ = {
			isa = XCBuildConfiguration;
			buildSettings = {
				ASSETCATALOG_COMPILER_APPICON_NAME = AppIcon;
				ASSETCATALOG_COMPILER_GLOBAL_ACCENT_COLOR_NAME = AccentColor;
				CODE_SIGN_STYLE = Automatic;
				CURRENT_PROJECT_VERSION = 1;
				DEVELOPMENT_ASSET_PATHS = "\"employees-moon/Preview Content\"";
				DEVELOPMENT_TEAM = UMKD57ZP7B;
				ENABLE_PREVIEWS = YES;
				GENERATE_INFOPLIST_FILE = YES;
				INFOPLIST_FILE = "employees-moon/Info.plist";
				INFOPLIST_KEY_UIApplicationSceneManifest_Generation = YES;
				INFOPLIST_KEY_UIApplicationSupportsIndirectInputEvents = YES;
				INFOPLIST_KEY_UILaunchScreen_Generation = YES;
				INFOPLIST_KEY_UISupportedInterfaceOrientations_iPad = "UIInterfaceOrientationPortrait UIInterfaceOrientationPortraitUpsideDown UIInterfaceOrientationLandscapeLeft UIInterfaceOrientationLandscapeRight";
				INFOPLIST_KEY_UISupportedInterfaceOrientations_iPhone = "UIInterfaceOrientationPortrait UIInterfaceOrientationLandscapeLeft UIInterfaceOrientationLandscapeRight";
				LD_RUNPATH_SEARCH_PATHS = (
					"$(inherited)",
					"@executable_path/Frameworks",
				);
				MARKETING_VERSION = 1.0;
				PRODUCT_BUNDLE_IDENTIFIER = "com.hq.employees-moon";
				PRODUCT_NAME = "$(TARGET_NAME)";
				SWIFT_EMIT_LOC_STRINGS = YES;
				SWIFT_VERSION = 5.0;
				TARGETED_DEVICE_FAMILY = "1,2";
			};
			name = Release;
		};
/* End XCBuildConfiguration section */

/* Begin XCConfigurationList section */
		5C9F77A72C1AE276003EE765 /* Build configuration list for PBXProject "employees-moon" */ = {
			isa = XCConfigurationList;
			buildConfigurations = (
				5C9F77B82C1AE277003EE765 /* Debug */,
				5C9F77B92C1AE277003EE765 /* Release */,
			);
			defaultConfigurationIsVisible = 0;
			defaultConfigurationName = Release;
		};
		5C9F77BA2C1AE277003EE765 /* Build configuration list for PBXNativeTarget "employees-moon" */ = {
			isa = XCConfigurationList;
			buildConfigurations = (
				5C9F77BB2C1AE277003EE765 /* Debug */,
				5C9F77BC2C1AE277003EE765 /* Release */,
			);
			defaultConfigurationIsVisible = 0;
			defaultConfigurationName = Release;
		};
/* End XCConfigurationList section */
	};
	rootObject = 5C9F77A42C1AE276003EE765 /* Project object */;
}
